// !$*UTF8*$!
{
	archiveVersion = 1;
	classes = {
	};
	objectVersion = 46;
	objects = {

/* Begin PBXBuildFile section */
		F582FF6C1BEDA45500D97DD6 /* AppDelegate.swift in Sources */ = {isa = PBXBuildFile; fileRef = F582FF6B1BEDA45500D97DD6 /* AppDelegate.swift */; };
		F582FF6E1BEDA45500D97DD6 /* ViewController.swift in Sources */ = {isa = PBXBuildFile; fileRef = F582FF6D1BEDA45500D97DD6 /* ViewController.swift */; };
		F582FF711BEDA45500D97DD6 /* Main.storyboard in Resources */ = {isa = PBXBuildFile; fileRef = F582FF6F1BEDA45500D97DD6 /* Main.storyboard */; };
		F582FF731BEDA45500D97DD6 /* Assets.xcassets in Resources */ = {isa = PBXBuildFile; fileRef = F582FF721BEDA45500D97DD6 /* Assets.xcassets */; };
		F582FF761BEDA45500D97DD6 /* LaunchScreen.storyboard in Resources */ = {isa = PBXBuildFile; fileRef = F582FF741BEDA45500D97DD6 /* LaunchScreen.storyboard */; };
		F582FF811BEDA45500D97DD6 /* CheckMeOutTests.swift in Sources */ = {isa = PBXBuildFile; fileRef = F582FF801BEDA45500D97DD6 /* CheckMeOutTests.swift */; };
		F582FF8C1BEDA45500D97DD6 /* CheckMeOutUITests.swift in Sources */ = {isa = PBXBuildFile; fileRef = F582FF8B1BEDA45500D97DD6 /* CheckMeOutUITests.swift */; };
/* End PBXBuildFile section */

/* Begin PBXContainerItemProxy section */
		F582FF7D1BEDA45500D97DD6 /* PBXContainerItemProxy */ = {
			isa = PBXContainerItemProxy;
			containerPortal = F582FF601BEDA45500D97DD6 /* Project object */;
			proxyType = 1;
			remoteGlobalIDString = F582FF671BEDA45500D97DD6;
			remoteInfo = CheckMeOut;
		};
		F582FF881BEDA45500D97DD6 /* PBXContainerItemProxy */ = {
			isa = PBXContainerItemProxy;
			containerPortal = F582FF601BEDA45500D97DD6 /* Project object */;
			proxyType = 1;
			remoteGlobalIDString = F582FF671BEDA45500D97DD6;
			remoteInfo = CheckMeOut;
		};
/* End PBXContainerItemProxy section */

/* Begin PBXFileReference section */
		F582FF681BEDA45500D97DD6 /* CheckMeOut.app */ = {isa = PBXFileReference; explicitFileType = wrapper.application; includeInIndex = 0; path = CheckMeOut.app; sourceTree = BUILT_PRODUCTS_DIR; };
		F582FF6B1BEDA45500D97DD6 /* AppDelegate.swift */ = {isa = PBXFileReference; lastKnownFileType = sourcecode.swift; path = AppDelegate.swift; sourceTree = "<group>"; };
		F582FF6D1BEDA45500D97DD6 /* ViewController.swift */ = {isa = PBXFileReference; lastKnownFileType = sourcecode.swift; path = ViewController.swift; sourceTree = "<group>"; };
		F582FF701BEDA45500D97DD6 /* Base */ = {isa = PBXFileReference; lastKnownFileType = file.storyboard; name = Base; path = Base.lproj/Main.storyboard; sourceTree = "<group>"; };
		F582FF721BEDA45500D97DD6 /* Assets.xcassets */ = {isa = PBXFileReference; lastKnownFileType = folder.assetcatalog; path = Assets.xcassets; sourceTree = "<group>"; };
		F582FF751BEDA45500D97DD6 /* Base */ = {isa = PBXFileReference; lastKnownFileType = file.storyboard; name = Base; path = Base.lproj/LaunchScreen.storyboard; sourceTree = "<group>"; };
		F582FF771BEDA45500D97DD6 /* Info.plist */ = {isa = PBXFileReference; lastKnownFileType = text.plist.xml; path = Info.plist; sourceTree = "<group>"; };
		F582FF7C1BEDA45500D97DD6 /* CheckMeOutTests.xctest */ = {isa = PBXFileReference; explicitFileType = wrapper.cfbundle; includeInIndex = 0; path = CheckMeOutTests.xctest; sourceTree = BUILT_PRODUCTS_DIR; };
		F582FF801BEDA45500D97DD6 /* CheckMeOutTests.swift */ = {isa = PBXFileReference; lastKnownFileType = sourcecode.swift; path = CheckMeOutTests.swift; sourceTree = "<group>"; };
		F582FF821BEDA45500D97DD6 /* Info.plist */ = {isa = PBXFileReference; lastKnownFileType = text.plist.xml; path = Info.plist; sourceTree = "<group>"; };
		F582FF871BEDA45500D97DD6 /* CheckMeOutUITests.xctest */ = {isa = PBXFileReference; explicitFileType = wrapper.cfbundle; includeInIndex = 0; path = CheckMeOutUITests.xctest; sourceTree = BUILT_PRODUCTS_DIR; };
		F582FF8B1BEDA45500D97DD6 /* CheckMeOutUITests.swift */ = {isa = PBXFileReference; lastKnownFileType = sourcecode.swift; path = CheckMeOutUITests.swift; sourceTree = "<group>"; };
		F582FF8D1BEDA45500D97DD6 /* Info.plist */ = {isa = PBXFileReference; lastKnownFileType = text.plist.xml; path = Info.plist; sourceTree = "<group>"; };
		F582FF9B1BEDA57600D97DD6 /* CheckMeOut.entitlements */ = {isa = PBXFileReference; lastKnownFileType = text.xml; path = CheckMeOut.entitlements; sourceTree = "<group>"; };
/* End PBXFileReference section */

/* Begin PBXFrameworksBuildPhase section */
		F582FF651BEDA45500D97DD6 /* Frameworks */ = {
			isa = PBXFrameworksBuildPhase;
			buildActionMask = 2147483647;
			files = (
			);
			runOnlyForDeploymentPostprocessing = 0;
		};
		F582FF791BEDA45500D97DD6 /* Frameworks */ = {
			isa = PBXFrameworksBuildPhase;
			buildActionMask = 2147483647;
			files = (
			);
			runOnlyForDeploymentPostprocessing = 0;
		};
		F582FF841BEDA45500D97DD6 /* Frameworks */ = {
			isa = PBXFrameworksBuildPhase;
			buildActionMask = 2147483647;
			files = (
			);
			runOnlyForDeploymentPostprocessing = 0;
		};
/* End PBXFrameworksBuildPhase section */

/* Begin PBXGroup section */
		F582FF5F1BEDA45500D97DD6 = {
			isa = PBXGroup;
			children = (
				F582FF6A1BEDA45500D97DD6 /* CheckMeOut */,
				F582FF7F1BEDA45500D97DD6 /* CheckMeOutTests */,
				F582FF8A1BEDA45500D97DD6 /* CheckMeOutUITests */,
				F582FF691BEDA45500D97DD6 /* Products */,
			);
			sourceTree = "<group>";
		};
		F582FF691BEDA45500D97DD6 /* Products */ = {
			isa = PBXGroup;
			children = (
				F582FF681BEDA45500D97DD6 /* CheckMeOut.app */,
				F582FF7C1BEDA45500D97DD6 /* CheckMeOutTests.xctest */,
				F582FF871BEDA45500D97DD6 /* CheckMeOutUITests.xctest */,
			);
			name = Products;
			sourceTree = "<group>";
		};
		F582FF6A1BEDA45500D97DD6 /* CheckMeOut */ = {
			isa = PBXGroup;
			children = (
				F582FF9B1BEDA57600D97DD6 /* CheckMeOut.entitlements */,
				F582FF6B1BEDA45500D97DD6 /* AppDelegate.swift */,
				F582FF6D1BEDA45500D97DD6 /* ViewController.swift */,
				F582FF6F1BEDA45500D97DD6 /* Main.storyboard */,
				F582FF721BEDA45500D97DD6 /* Assets.xcassets */,
				F582FF741BEDA45500D97DD6 /* LaunchScreen.storyboard */,
				F582FF771BEDA45500D97DD6 /* Info.plist */,
			);
			path = CheckMeOut;
			sourceTree = "<group>";
		};
		F582FF7F1BEDA45500D97DD6 /* CheckMeOutTests */ = {
			isa = PBXGroup;
			children = (
				F582FF801BEDA45500D97DD6 /* CheckMeOutTests.swift */,
				F582FF821BEDA45500D97DD6 /* Info.plist */,
			);
			path = CheckMeOutTests;
			sourceTree = "<group>";
		};
		F582FF8A1BEDA45500D97DD6 /* CheckMeOutUITests */ = {
			isa = PBXGroup;
			children = (
				F582FF8B1BEDA45500D97DD6 /* CheckMeOutUITests.swift */,
				F582FF8D1BEDA45500D97DD6 /* Info.plist */,
			);
			path = CheckMeOutUITests;
			sourceTree = "<group>";
		};
/* End PBXGroup section */

/* Begin PBXNativeTarget section */
		F582FF671BEDA45500D97DD6 /* CheckMeOut */ = {
			isa = PBXNativeTarget;
			buildConfigurationList = F582FF901BEDA45500D97DD6 /* Build configuration list for PBXNativeTarget "CheckMeOut" */;
			buildPhases = (
				F582FF641BEDA45500D97DD6 /* Sources */,
				F582FF651BEDA45500D97DD6 /* Frameworks */,
				F582FF661BEDA45500D97DD6 /* Resources */,
			);
			buildRules = (
			);
			dependencies = (
			);
			name = CheckMeOut;
			productName = CheckMeOut;
			productReference = F582FF681BEDA45500D97DD6 /* CheckMeOut.app */;
			productType = "com.apple.product-type.application";
		};
		F582FF7B1BEDA45500D97DD6 /* CheckMeOutTests */ = {
			isa = PBXNativeTarget;
			buildConfigurationList = F582FF931BEDA45500D97DD6 /* Build configuration list for PBXNativeTarget "CheckMeOutTests" */;
			buildPhases = (
				F582FF781BEDA45500D97DD6 /* Sources */,
				F582FF791BEDA45500D97DD6 /* Frameworks */,
				F582FF7A1BEDA45500D97DD6 /* Resources */,
			);
			buildRules = (
			);
			dependencies = (
				F582FF7E1BEDA45500D97DD6 /* PBXTargetDependency */,
			);
			name = CheckMeOutTests;
			productName = CheckMeOutTests;
			productReference = F582FF7C1BEDA45500D97DD6 /* CheckMeOutTests.xctest */;
			productType = "com.apple.product-type.bundle.unit-test";
		};
		F582FF861BEDA45500D97DD6 /* CheckMeOutUITests */ = {
			isa = PBXNativeTarget;
			buildConfigurationList = F582FF961BEDA45500D97DD6 /* Build configuration list for PBXNativeTarget "CheckMeOutUITests" */;
			buildPhases = (
				F582FF831BEDA45500D97DD6 /* Sources */,
				F582FF841BEDA45500D97DD6 /* Frameworks */,
				F582FF851BEDA45500D97DD6 /* Resources */,
			);
			buildRules = (
			);
			dependencies = (
				F582FF891BEDA45500D97DD6 /* PBXTargetDependency */,
			);
			name = CheckMeOutUITests;
			productName = CheckMeOutUITests;
			productReference = F582FF871BEDA45500D97DD6 /* CheckMeOutUITests.xctest */;
			productType = "com.apple.product-type.bundle.ui-testing";
		};
/* End PBXNativeTarget section */

/* Begin PBXProject section */
		F582FF601BEDA45500D97DD6 /* Project object */ = {
			isa = PBXProject;
			attributes = {
				LastSwiftUpdateCheck = 0710;
				LastUpgradeCheck = 0710;
				ORGANIZATIONNAME = "Sensen Chen";
				TargetAttributes = {
					F582FF671BEDA45500D97DD6 = {
						CreatedOnToolsVersion = 7.1;
						DevelopmentTeam = 657Q6GN28H;
						SystemCapabilities = {
							com.apple.OMC = {
								enabled = 0;
							};
							com.apple.Push = {
								enabled = 0;
							};
							com.apple.Wallet = {
								enabled = 0;
							};
						};
					};
					F582FF7B1BEDA45500D97DD6 = {
						CreatedOnToolsVersion = 7.1;
						TestTargetID = F582FF671BEDA45500D97DD6;
					};
					F582FF861BEDA45500D97DD6 = {
						CreatedOnToolsVersion = 7.1;
						TestTargetID = F582FF671BEDA45500D97DD6;
					};
				};
			};
			buildConfigurationList = F582FF631BEDA45500D97DD6 /* Build configuration list for PBXProject "CheckMeOut" */;
			compatibilityVersion = "Xcode 3.2";
			developmentRegion = English;
			hasScannedForEncodings = 0;
			knownRegions = (
				en,
				Base,
			);
			mainGroup = F582FF5F1BEDA45500D97DD6;
			productRefGroup = F582FF691BEDA45500D97DD6 /* Products */;
			projectDirPath = "";
			projectRoot = "";
			targets = (
				F582FF671BEDA45500D97DD6 /* CheckMeOut */,
				F582FF7B1BEDA45500D97DD6 /* CheckMeOutTests */,
				F582FF861BEDA45500D97DD6 /* CheckMeOutUITests */,
			);
		};
/* End PBXProject section */

/* Begin PBXResourcesBuildPhase section */
		F582FF661BEDA45500D97DD6 /* Resources */ = {
			isa = PBXResourcesBuildPhase;
			buildActionMask = 2147483647;
			files = (
				F582FF761BEDA45500D97DD6 /* LaunchScreen.storyboard in Resources */,
				F582FF731BEDA45500D97DD6 /* Assets.xcassets in Resources */,
				F582FF711BEDA45500D97DD6 /* Main.storyboard in Resources */,
			);
			runOnlyForDeploymentPostprocessing = 0;
		};
		F582FF7A1BEDA45500D97DD6 /* Resources */ = {
			isa = PBXResourcesBuildPhase;
			buildActionMask = 2147483647;
			files = (
			);
			runOnlyForDeploymentPostprocessing = 0;
		};
		F582FF851BEDA45500D97DD6 /* Resources */ = {
			isa = PBXResourcesBuildPhase;
			buildActionMask = 2147483647;
			files = (
			);
			runOnlyForDeploymentPostprocessing = 0;
		};
/* End PBXResourcesBuildPhase section */

/* Begin PBXSourcesBuildPhase section */
		F582FF641BEDA45500D97DD6 /* Sources */ = {
			isa = PBXSourcesBuildPhase;
			buildActionMask = 2147483647;
			files = (
				F582FF6E1BEDA45500D97DD6 /* ViewController.swift in Sources */,
				F582FF6C1BEDA45500D97DD6 /* AppDelegate.swift in Sources */,
			);
			runOnlyForDeploymentPostprocessing = 0;
		};
		F582FF781BEDA45500D97DD6 /* Sources */ = {
			isa = PBXSourcesBuildPhase;
			buildActionMask = 2147483647;
			files = (
				F582FF811BEDA45500D97DD6 /* CheckMeOutTests.swift in Sources */,
			);
			runOnlyForDeploymentPostprocessing = 0;
		};
		F582FF831BEDA45500D97DD6 /* Sources */ = {
			isa = PBXSourcesBuildPhase;
			buildActionMask = 2147483647;
			files = (
				F582FF8C1BEDA45500D97DD6 /* CheckMeOutUITests.swift in Sources */,
			);
			runOnlyForDeploymentPostprocessing = 0;
		};
/* End PBXSourcesBuildPhase section */

/* Begin PBXTargetDependency section */
		F582FF7E1BEDA45500D97DD6 /* PBXTargetDependency */ = {
			isa = PBXTargetDependency;
			target = F582FF671BEDA45500D97DD6 /* CheckMeOut */;
			targetProxy = F582FF7D1BEDA45500D97DD6 /* PBXContainerItemProxy */;
		};
		F582FF891BEDA45500D97DD6 /* PBXTargetDependency */ = {
			isa = PBXTargetDependency;
			target = F582FF671BEDA45500D97DD6 /* CheckMeOut */;
			targetProxy = F582FF881BEDA45500D97DD6 /* PBXContainerItemProxy */;
		};
/* End PBXTargetDependency section */

/* Begin PBXVariantGroup section */
		F582FF6F1BEDA45500D97DD6 /* Main.storyboard */ = {
			isa = PBXVariantGroup;
			children = (
				F582FF701BEDA45500D97DD6 /* Base */,
			);
			name = Main.storyboard;
			sourceTree = "<group>";
		};
		F582FF741BEDA45500D97DD6 /* LaunchScreen.storyboard */ = {
			isa = PBXVariantGroup;
			children = (
				F582FF751BEDA45500D97DD6 /* Base */,
			);
			name = LaunchScreen.storyboard;
			sourceTree = "<group>";
		};
/* End PBXVariantGroup section */

/* Begin XCBuildConfiguration section */
		F582FF8E1BEDA45500D97DD6 /* Debug */ = {
			isa = XCBuildConfiguration;
			buildSettings = {
				ALWAYS_SEARCH_USER_PATHS = NO;
				CLANG_CXX_LANGUAGE_STANDARD = "gnu++0x";
				CLANG_CXX_LIBRARY = "libc++";
				CLANG_ENABLE_MODULES = YES;
				CLANG_ENABLE_OBJC_ARC = YES;
				CLANG_WARN_BOOL_CONVERSION = YES;
				CLANG_WARN_CONSTANT_CONVERSION = YES;
				CLANG_WARN_DIRECT_OBJC_ISA_USAGE = YES_ERROR;
				CLANG_WARN_EMPTY_BODY = YES;
				CLANG_WARN_ENUM_CONVERSION = YES;
				CLANG_WARN_INT_CONVERSION = YES;
				CLANG_WARN_OBJC_ROOT_CLASS = YES_ERROR;
				CLANG_WARN_UNREACHABLE_CODE = YES;
				CLANG_WARN__DUPLICATE_METHOD_MATCH = YES;
				"CODE_SIGN_IDENTITY[sdk=iphoneos*]" = "iPhone Developer";
				COPY_PHASE_STRIP = NO;
				DEBUG_INFORMATION_FORMAT = dwarf;
				ENABLE_STRICT_OBJC_MSGSEND = YES;
				ENABLE_TESTABILITY = YES;
				GCC_C_LANGUAGE_STANDARD = gnu99;
				GCC_DYNAMIC_NO_PIC = NO;
				GCC_NO_COMMON_BLOCKS = YES;
				GCC_OPTIMIZATION_LEVEL = 0;
				GCC_PREPROCESSOR_DEFINITIONS = (
					"DEBUG=1",
					"$(inherited)",
				);
				GCC_WARN_64_TO_32_BIT_CONVERSION = YES;
				GCC_WARN_ABOUT_RETURN_TYPE = YES_ERROR;
				GCC_WARN_UNDECLARED_SELECTOR = YES;
				GCC_WARN_UNINITIALIZED_AUTOS = YES_AGGRESSIVE;
				GCC_WARN_UNUSED_FUNCTION = YES;
				GCC_WARN_UNUSED_VARIABLE = YES;
				IPHONEOS_DEPLOYMENT_TARGET = 9.1;
				MTL_ENABLE_DEBUG_INFO = YES;
				ONLY_ACTIVE_ARCH = YES;
				SDKROOT = iphoneos;
				SWIFT_OPTIMIZATION_LEVEL = "-Onone";
				TARGETED_DEVICE_FAMILY = "1,2";
			};
			name = Debug;
		};
		F582FF8F1BEDA45500D97DD6 /* Release */ = {
			isa = XCBuildConfiguration;
			buildSettings = {
				ALWAYS_SEARCH_USER_PATHS = NO;
				CLANG_CXX_LANGUAGE_STANDARD = "gnu++0x";
				CLANG_CXX_LIBRARY = "libc++";
				CLANG_ENABLE_MODULES = YES;
				CLANG_ENABLE_OBJC_ARC = YES;
				CLANG_WARN_BOOL_CONVERSION = YES;
				CLANG_WARN_CONSTANT_CONVERSION = YES;
				CLANG_WARN_DIRECT_OBJC_ISA_USAGE = YES_ERROR;
				CLANG_WARN_EMPTY_BODY = YES;
				CLANG_WARN_ENUM_CONVERSION = YES;
				CLANG_WARN_INT_CONVERSION = YES;
				CLANG_WARN_OBJC_ROOT_CLASS = YES_ERROR;
				CLANG_WARN_UNREACHABLE_CODE = YES;
				CLANG_WARN__DUPLICATE_METHOD_MATCH = YES;
				"CODE_SIGN_IDENTITY[sdk=iphoneos*]" = "iPhone Developer";
				COPY_PHASE_STRIP = NO;
				DEBUG_INFORMATION_FORMAT = "dwarf-with-dsym";
				ENABLE_NS_ASSERTIONS = NO;
				ENABLE_STRICT_OBJC_MSGSEND = YES;
				GCC_C_LANGUAGE_STANDARD = gnu99;
				GCC_NO_COMMON_BLOCKS = YES;
				GCC_WARN_64_TO_32_BIT_CONVERSION = YES;
				GCC_WARN_ABOUT_RETURN_TYPE = YES_ERROR;
				GCC_WARN_UNDECLARED_SELECTOR = YES;
				GCC_WARN_UNINITIALIZED_AUTOS = YES_AGGRESSIVE;
				GCC_WARN_UNUSED_FUNCTION = YES;
				GCC_WARN_UNUSED_VARIABLE = YES;
				IPHONEOS_DEPLOYMENT_TARGET = 9.1;
				MTL_ENABLE_DEBUG_INFO = NO;
				SDKROOT = iphoneos;
				TARGETED_DEVICE_FAMILY = "1,2";
				VALIDATE_PRODUCT = YES;
			};
			name = Release;
		};
		F582FF911BEDA45500D97DD6 /* Debug */ = {
			isa = XCBuildConfiguration;
			buildSettings = {
				ASSETCATALOG_COMPILER_APPICON_NAME = AppIcon;
				CODE_SIGN_ENTITLEMENTS = CheckMeOut/CheckMeOut.entitlements;
				CODE_SIGN_IDENTITY = "iPhone Developer";
				"CODE_SIGN_IDENTITY[sdk=iphoneos*]" = "iPhone Developer";
				INFOPLIST_FILE = CheckMeOut/Info.plist;
				LD_RUNPATH_SEARCH_PATHS = "$(inherited) @executable_path/Frameworks";
				PRODUCT_BUNDLE_IDENTIFIER = sensen.CheckMeOut;
				PRODUCT_NAME = "$(TARGET_NAME)";
				PROVISIONING_PROFILE = "";
				TARGETED_DEVICE_FAMILY = 1;
			};
			name = Debug;
		};
		F582FF921BEDA45500D97DD6 /* Release */ = {
			isa = XCBuildConfiguration;
			buildSettings = {
				ASSETCATALOG_COMPILER_APPICON_NAME = AppIcon;
				CODE_SIGN_ENTITLEMENTS = CheckMeOut/CheckMeOut.entitlements;
				CODE_SIGN_IDENTITY = "iPhone Developer";
				"CODE_SIGN_IDENTITY[sdk=iphoneos*]" = "iPhone Developer";
				INFOPLIST_FILE = CheckMeOut/Info.plist;
				LD_RUNPATH_SEARCH_PATHS = "$(inherited) @executable_path/Frameworks";
				PRODUCT_BUNDLE_IDENTIFIER = sensen.CheckMeOut;
				PRODUCT_NAME = "$(TARGET_NAME)";
				PROVISIONING_PROFILE = "";
				TARGETED_DEVICE_FAMILY = 1;
			};
			name = Release;
		};
		F582FF941BEDA45500D97DD6 /* Debug */ = {
			isa = XCBuildConfiguration;
			buildSettings = {
				BUNDLE_LOADER = "$(TEST_HOST)";
				INFOPLIST_FILE = CheckMeOutTests/Info.plist;
				LD_RUNPATH_SEARCH_PATHS = "$(inherited) @executable_path/Frameworks @loader_path/Frameworks";
				PRODUCT_BUNDLE_IDENTIFIER = sensen.CheckMeOutTests;
				PRODUCT_NAME = "$(TARGET_NAME)";
				TEST_HOST = "$(BUILT_PRODUCTS_DIR)/CheckMeOut.app/CheckMeOut";
			};
			name = Debug;
		};
		F582FF951BEDA45500D97DD6 /* Release */ = {
			isa = XCBuildConfiguration;
			buildSettings = {
				BUNDLE_LOADER = "$(TEST_HOST)";
				INFOPLIST_FILE = CheckMeOutTests/Info.plist;
				LD_RUNPATH_SEARCH_PATHS = "$(inherited) @executable_path/Frameworks @loader_path/Frameworks";
				PRODUCT_BUNDLE_IDENTIFIER = sensen.CheckMeOutTests;
				PRODUCT_NAME = "$(TARGET_NAME)";
				TEST_HOST = "$(BUILT_PRODUCTS_DIR)/CheckMeOut.app/CheckMeOut";
			};
			name = Release;
		};
		F582FF971BEDA45500D97DD6 /* Debug */ = {
			isa = XCBuildConfiguration;
			buildSettings = {
				INFOPLIST_FILE = CheckMeOutUITests/Info.plist;
				LD_RUNPATH_SEARCH_PATHS = "$(inherited) @executable_path/Frameworks @loader_path/Frameworks";
				PRODUCT_BUNDLE_IDENTIFIER = sensen.CheckMeOutUITests;
				PRODUCT_NAME = "$(TARGET_NAME)";
				TEST_TARGET_NAME = CheckMeOut;
				USES_XCTRUNNER = YES;
			};
			name = Debug;
		};
		F582FF981BEDA45500D97DD6 /* Release */ = {
			isa = XCBuildConfiguration;
			buildSettings = {
				INFOPLIST_FILE = CheckMeOutUITests/Info.plist;
				LD_RUNPATH_SEARCH_PATHS = "$(inherited) @executable_path/Frameworks @loader_path/Frameworks";
				PRODUCT_BUNDLE_IDENTIFIER = sensen.CheckMeOutUITests;
				PRODUCT_NAME = "$(TARGET_NAME)";
				TEST_TARGET_NAME = CheckMeOut;
				USES_XCTRUNNER = YES;
			};
			name = Release;
		};
/* End XCBuildConfiguration section */

/* Begin XCConfigurationList section */
		F582FF631BEDA45500D97DD6 /* Build configuration list for PBXProject "CheckMeOut" */ = {
			isa = XCConfigurationList;
			buildConfigurations = (
				F582FF8E1BEDA45500D97DD6 /* Debug */,
				F582FF8F1BEDA45500D97DD6 /* Release */,
			);
			defaultConfigurationIsVisible = 0;
			defaultConfigurationName = Release;
		};
		F582FF901BEDA45500D97DD6 /* Build configuration list for PBXNativeTarget "CheckMeOut" */ = {
			isa = XCConfigurationList;
			buildConfigurations = (
				F582FF911BEDA45500D97DD6 /* Debug */,
				F582FF921BEDA45500D97DD6 /* Release */,
			);
			defaultConfigurationIsVisible = 0;
		};
		F582FF931BEDA45500D97DD6 /* Build configuration list for PBXNativeTarget "CheckMeOutTests" */ = {
			isa = XCConfigurationList;
			buildConfigurations = (
				F582FF941BEDA45500D97DD6 /* Debug */,
				F582FF951BEDA45500D97DD6 /* Release */,
			);
			defaultConfigurationIsVisible = 0;
		};
		F582FF961BEDA45500D97DD6 /* Build configuration list for PBXNativeTarget "CheckMeOutUITests" */ = {
			isa = XCConfigurationList;
			buildConfigurations = (
				F582FF971BEDA45500D97DD6 /* Debug */,
				F582FF981BEDA45500D97DD6 /* Release */,
			);
			defaultConfigurationIsVisible = 0;
		};
/* End XCConfigurationList section */
	};
	rootObject = F582FF601BEDA45500D97DD6 /* Project object */;
}
